
Microsoft Visual Studio Solution File, Format Version 12.00
# Visual Studio 14
VisualStudioVersion = 14.0.25420.1
MinimumVisualStudioVersion = 10.0.40219.1
Project("{F184B08F-C81C-45F6-A57F-5ABD9991F28F}") = "rcarrillo1b1", "rcarrillo1b1\rcarrillo1b1.vbproj", "{A3C48DC2-64F7-43DB-AB5B-03E5BC3C7629}"
EndProject
Project("{F184B08F-C81C-45F6-A57F-5ABD9991F28F}") = "rcarrillo1c1", "rcarrillo1c1\rcarrillo1c1.vbproj", "{692D1AE0-17B7-4EE4-BC27-A3717BF57478}"
EndProject
Project("{F184B08F-C81C-45F6-A57F-5ABD9991F28F}") = "rcarrillo1d1", "rcarrillo1d1\rcarrillo1d1.vbproj", "{7691698E-10E6-4345-BDAA-97C98B4DAACE}"
EndProject
Project("{F184B08F-C81C-45F6-A57F-5ABD9991F28F}") = "rcarrillo1e1", "rcarrillo1e1\rcarrillo1e1.vbproj", "{6561F37D-DF96-41A1-B742-827B6202DC59}"
EndProject
Project("{F184B08F-C81C-45F6-A57F-5ABD9991F28F}") = "rcarrillo1f1", "rcarrillo1f1\rcarrillo1f1.vbproj", "{42A2D0B1-171A-4822-A977-1AC41428A6E8}"
EndProject
Project("{F184B08F-C81C-45F6-A57F-5ABD9991F28F}") = "rcarrillo1g1", "rmcarrillo1g1\rcarrillo1g1.vbproj", "{C94A2F3C-E77F-4383-90EE-BC2B852C7E57}"
EndProject
Project("{F184B08F-C81C-45F6-A57F-5ABD9991F28F}") = "rcarrillo1h1", "rcarrillo1h1\rcarrillo1h1.vbproj", "{497C6024-226F-405B-ACC2-BFA50BF0626C}"
EndProject
Project("{F184B08F-C81C-45F6-A57F-5ABD9991F28F}") = "rcarrillo2a1", "rcarrillo2a1\rcarrillo2a1.vbproj", "{DE3B4525-7358-453F-8377-09A465C8CB0A}"
EndProject
Global
	GlobalSection(SolutionConfigurationPlatforms) = preSolution
		Debug|Any CPU = Debug|Any CPU
		Release|Any CPU = Release|Any CPU
	EndGlobalSection
	GlobalSection(ProjectConfigurationPlatforms) = postSolution
		{A3C48DC2-64F7-43DB-AB5B-03E5BC3C7629}.Debug|Any CPU.ActiveCfg = Debug|Any CPU
		{A3C48DC2-64F7-43DB-AB5B-03E5BC3C7629}.Debug|Any CPU.Build.0 = Debug|Any CPU
		{A3C48DC2-64F7-43DB-AB5B-03E5BC3C7629}.Release|Any CPU.ActiveCfg = Release|Any CPU
		{A3C48DC2-64F7-43DB-AB5B-03E5BC3C7629}.Release|Any CPU.Build.0 = Release|Any CPU
		{692D1AE0-17B7-4EE4-BC27-A3717BF57478}.Debug|Any CPU.ActiveCfg = Debug|Any CPU
		{692D1AE0-17B7-4EE4-BC27-A3717BF57478}.Debug|Any CPU.Build.0 = Debug|Any CPU
		{692D1AE0-17B7-4EE4-BC27-A3717BF57478}.Release|Any CPU.ActiveCfg = Release|Any CPU
		{692D1AE0-17B7-4EE4-BC27-A3717BF57478}.Release|Any CPU.Build.0 = Release|Any CPU
		{7691698E-10E6-4345-BDAA-97C98B4DAACE}.Debug|Any CPU.ActiveCfg = Debug|Any CPU
		{7691698E-10E6-4345-BDAA-97C98B4DAACE}.Debug|Any CPU.Build.0 = Debug|Any CPU
		{7691698E-10E6-4345-BDAA-97C98B4DAACE}.Release|Any CPU.ActiveCfg = Release|Any CPU
		{7691698E-10E6-4345-BDAA-97C98B4DAACE}.Release|Any CPU.Build.0 = Release|Any CPU
		{6561F37D-DF96-41A1-B742-827B6202DC59}.Debug|Any CPU.ActiveCfg = Debug|Any CPU
		{6561F37D-DF96-41A1-B742-827B6202DC59}.Debug|Any CPU.Build.0 = Debug|Any CPU
		{6561F37D-DF96-41A1-B742-827B6202DC59}.Release|Any CPU.ActiveCfg = Release|Any CPU
		{6561F37D-DF96-41A1-B742-827B6202DC59}.Release|Any CPU.Build.0 = Release|Any CPU
		{42A2D0B1-171A-4822-A977-1AC41428A6E8}.Debug|Any CPU.ActiveCfg = Debug|Any CPU
		{42A2D0B1-171A-4822-A977-1AC41428A6E8}.Debug|Any CPU.Build.0 = Debug|Any CPU
		{42A2D0B1-171A-4822-A977-1AC41428A6E8}.Release|Any CPU.ActiveCfg = Release|Any CPU
		{42A2D0B1-171A-4822-A977-1AC41428A6E8}.Release|Any CPU.Build.0 = Release|Any CPU
		{C94A2F3C-E77F-4383-90EE-BC2B852C7E57}.Debug|Any CPU.ActiveCfg = Debug|Any CPU
		{C94A2F3C-E77F-4383-90EE-BC2B852C7E57}.Debug|Any CPU.Build.0 = Debug|Any CPU
		{C94A2F3C-E77F-4383-90EE-BC2B852C7E57}.Release|Any CPU.ActiveCfg = Release|Any CPU
		{C94A2F3C-E77F-4383-90EE-BC2B852C7E57}.Release|Any CPU.Build.0 = Release|Any CPU
		{497C6024-226F-405B-ACC2-BFA50BF0626C}.Debug|Any CPU.ActiveCfg = Debug|Any CPU
		{497C6024-226F-405B-ACC2-BFA50BF0626C}.Debug|Any CPU.Build.0 = Debug|Any CPU
		{497C6024-226F-405B-ACC2-BFA50BF0626C}.Release|Any CPU.ActiveCfg = Release|Any CPU
		{497C6024-226F-405B-ACC2-BFA50BF0626C}.Release|Any CPU.Build.0 = Release|Any CPU
		{DE3B4525-7358-453F-8377-09A465C8CB0A}.Debug|Any CPU.ActiveCfg = Debug|Any CPU
		{DE3B4525-7358-453F-8377-09A465C8CB0A}.Debug|Any CPU.Build.0 = Debug|Any CPU
		{DE3B4525-7358-453F-8377-09A465C8CB0A}.Release|Any CPU.ActiveCfg = Release|Any CPU
		{DE3B4525-7358-453F-8377-09A465C8CB0A}.Release|Any CPU.Build.0 = Release|Any CPU
	EndGlobalSection
	GlobalSection(SolutionProperties) = preSolution
		HideSolutionNode = FALSE
	EndGlobalSection
EndGlobal
