
Microsoft Visual Studio Solution File, Format Version 12.00
# Visual Studio 14
VisualStudioVersion = 14.0.25420.1
MinimumVisualStudioVersion = 10.0.40219.1
Project("{F184B08F-C81C-45F6-A57F-5ABD9991F28F}") = "rcarrillo1b1", "rcarrillo1b1\rcarrillo1b1.vbproj", "{A3C48DC2-64F7-43DB-AB5B-03E5BC3C7629}"
EndProject
Project("{F184B08F-C81C-45F6-A57F-5ABD9991F28F}") = "rcarrillo1c1", "rcarrillo1c1\rcarrillo1c1.vbproj", "{692D1AE0-17B7-4EE4-BC27-A3717BF57478}"
EndProject
Project("{F184B08F-C81C-45F6-A57F-5ABD9991F28F}") = "rcarrillo1d1", "rcarrillo1d1\rcarrillo1d1.vbproj", "{7691698E-10E6-4345-BDAA-97C98B4DAACE}"
EndProject
Project("{F184B08F-C81C-45F6-A57F-5ABD9991F28F}") = "rcarrillo1e1", "rcarrillo1e1\rcarrillo1e1.vbproj", "{6561F37D-DF96-41A1-B742-827B6202DC59}"
EndProject
Project("{F184B08F-C81C-45F6-A57F-5ABD9991F28F}") = "rcarrillo1f1", "rcarrillo1f1\rcarrillo1f1.vbproj", "{42A2D0B1-171A-4822-A977-1AC41428A6E8}"
EndProject
Project("{F184B08F-C81C-45F6-A57F-5ABD9991F28F}") = "rcarrillo1g1", "rmcarrillo1g1\rcarrillo1g1.vbproj", "{C94A2F3C-E77F-4383-90EE-BC2B852C7E57}"
EndProject
Project("{F184B08F-C81C-45F6-A57F-5ABD9991F28F}") = "rcarrillo1h1", "rcarrillo1h1\rcarrillo1h1.vbproj", "{497C6024-226F-405B-ACC2-BFA50BF0626C}"
EndProject
Project("{F184B08F-C81C-45F6-A57F-5ABD9991F28F}") = "rcarrillo2a1", "rcarrillo2a1\rcarrillo2a1.vbproj", "{DE3B4525-7358-453F-8377-09A465C8CB0A}"
EndProject
Project("{F184B08F-C81C-45F6-A57F-5ABD9991F28F}") = "rcarrillo2b1", "rcarrillo2b1\rcarrillo2b1.vbproj", "{25ADC1C3-9A21-42DD-A54E-7B704F9294BA}"
EndProject
Project("{F184B08F-C81C-45F6-A57F-5ABD9991F28F}") = "rcarrillo2c1", "rcarrillo2c1\rcarrillo2c1.vbproj", "{882AC397-A03A-4CE9-BAA2-3BBF8ED622C9}"
EndProject
Project("{F184B08F-C81C-45F6-A57F-5ABD9991F28F}") = "rcarrillo2f1", "Treeline Solution\Treeline Project\rcarrillo2f1.vbproj", "{78F6264D-D898-4ADB-B04E-313E7B40952A}"
EndProject
Project("{F184B08F-C81C-45F6-A57F-5ABD9991F28F}") = "rcarrillo2d1", "rmcarrillo2d1\rcarrillo2d1.vbproj", "{560A4CB6-1E23-4F72-8377-333109461EC2}"
EndProject
Project("{F184B08F-C81C-45F6-A57F-5ABD9991F28F}") = "rcarrillo2e1", "rmcarrillo2e1\rcarrillo2e1.vbproj", "{72EB35C2-2B4F-4FE5-8E99-B6B73F73012C}"
EndProject
Project("{F184B08F-C81C-45F6-A57F-5ABD9991F28F}") = "rcarrillo2g1", "rcarrillo2g1\rcarrillo2g1.vbproj", "{B448F313-7C90-44A9-AF5D-8632D3A0B73F}"
EndProject
Project("{F184B08F-C81C-45F6-A57F-5ABD9991F28F}") = "rcarrillo2h1", "rcarrillo2h1\rcarrillo2h1.vbproj", "{158F5BF1-3BC8-4CD3-A40C-47EC20B928A1}"
EndProject
Project("{F184B08F-C81C-45F6-A57F-5ABD9991F28F}") = "rcarrillo2i1", "rcarrillo2i1\rcarrillo2i1.vbproj", "{6833991F-6CC5-4618-B44B-4707FAE0240D}"
EndProject
Project("{F184B08F-C81C-45F6-A57F-5ABD9991F28F}") = "rmcarrillo2j1", "rcarrillo2j1\rmcarrillo2j1.vbproj", "{58753749-2498-4BD0-8B25-D280A42D40A5}"
EndProject
Project("{F184B08F-C81C-45F6-A57F-5ABD9991F28F}") = "rcarrillo3a1", "rcarrillo3a1\rcarrillo3a1.vbproj", "{74DC0562-5D9C-48A0-9386-EB8DE42512CC}"
EndProject
Global
	GlobalSection(SolutionConfigurationPlatforms) = preSolution
		Debug|Any CPU = Debug|Any CPU
		Release|Any CPU = Release|Any CPU
	EndGlobalSection
	GlobalSection(ProjectConfigurationPlatforms) = postSolution
		{A3C48DC2-64F7-43DB-AB5B-03E5BC3C7629}.Debug|Any CPU.ActiveCfg = Debug|Any CPU
		{A3C48DC2-64F7-43DB-AB5B-03E5BC3C7629}.Debug|Any CPU.Build.0 = Debug|Any CPU
		{A3C48DC2-64F7-43DB-AB5B-03E5BC3C7629}.Release|Any CPU.ActiveCfg = Release|Any CPU
		{A3C48DC2-64F7-43DB-AB5B-03E5BC3C7629}.Release|Any CPU.Build.0 = Release|Any CPU
		{692D1AE0-17B7-4EE4-BC27-A3717BF57478}.Debug|Any CPU.ActiveCfg = Debug|Any CPU
		{692D1AE0-17B7-4EE4-BC27-A3717BF57478}.Debug|Any CPU.Build.0 = Debug|Any CPU
		{692D1AE0-17B7-4EE4-BC27-A3717BF57478}.Release|Any CPU.ActiveCfg = Release|Any CPU
		{692D1AE0-17B7-4EE4-BC27-A3717BF57478}.Release|Any CPU.Build.0 = Release|Any CPU
		{7691698E-10E6-4345-BDAA-97C98B4DAACE}.Debug|Any CPU.ActiveCfg = Debug|Any CPU
		{7691698E-10E6-4345-BDAA-97C98B4DAACE}.Debug|Any CPU.Build.0 = Debug|Any CPU
		{7691698E-10E6-4345-BDAA-97C98B4DAACE}.Release|Any CPU.ActiveCfg = Release|Any CPU
		{7691698E-10E6-4345-BDAA-97C98B4DAACE}.Release|Any CPU.Build.0 = Release|Any CPU
		{6561F37D-DF96-41A1-B742-827B6202DC59}.Debug|Any CPU.ActiveCfg = Debug|Any CPU
		{6561F37D-DF96-41A1-B742-827B6202DC59}.Debug|Any CPU.Build.0 = Debug|Any CPU
		{6561F37D-DF96-41A1-B742-827B6202DC59}.Release|Any CPU.ActiveCfg = Release|Any CPU
		{6561F37D-DF96-41A1-B742-827B6202DC59}.Release|Any CPU.Build.0 = Release|Any CPU
		{42A2D0B1-171A-4822-A977-1AC41428A6E8}.Debug|Any CPU.ActiveCfg = Debug|Any CPU
		{42A2D0B1-171A-4822-A977-1AC41428A6E8}.Debug|Any CPU.Build.0 = Debug|Any CPU
		{42A2D0B1-171A-4822-A977-1AC41428A6E8}.Release|Any CPU.ActiveCfg = Release|Any CPU
		{42A2D0B1-171A-4822-A977-1AC41428A6E8}.Release|Any CPU.Build.0 = Release|Any CPU
		{C94A2F3C-E77F-4383-90EE-BC2B852C7E57}.Debug|Any CPU.ActiveCfg = Debug|Any CPU
		{C94A2F3C-E77F-4383-90EE-BC2B852C7E57}.Debug|Any CPU.Build.0 = Debug|Any CPU
		{C94A2F3C-E77F-4383-90EE-BC2B852C7E57}.Release|Any CPU.ActiveCfg = Release|Any CPU
		{C94A2F3C-E77F-4383-90EE-BC2B852C7E57}.Release|Any CPU.Build.0 = Release|Any CPU
		{497C6024-226F-405B-ACC2-BFA50BF0626C}.Debug|Any CPU.ActiveCfg = Debug|Any CPU
		{497C6024-226F-405B-ACC2-BFA50BF0626C}.Debug|Any CPU.Build.0 = Debug|Any CPU
		{497C6024-226F-405B-ACC2-BFA50BF0626C}.Release|Any CPU.ActiveCfg = Release|Any CPU
		{497C6024-226F-405B-ACC2-BFA50BF0626C}.Release|Any CPU.Build.0 = Release|Any CPU
		{DE3B4525-7358-453F-8377-09A465C8CB0A}.Debug|Any CPU.ActiveCfg = Debug|Any CPU
		{DE3B4525-7358-453F-8377-09A465C8CB0A}.Debug|Any CPU.Build.0 = Debug|Any CPU
		{DE3B4525-7358-453F-8377-09A465C8CB0A}.Release|Any CPU.ActiveCfg = Release|Any CPU
		{DE3B4525-7358-453F-8377-09A465C8CB0A}.Release|Any CPU.Build.0 = Release|Any CPU
		{25ADC1C3-9A21-42DD-A54E-7B704F9294BA}.Debug|Any CPU.ActiveCfg = Debug|Any CPU
		{25ADC1C3-9A21-42DD-A54E-7B704F9294BA}.Debug|Any CPU.Build.0 = Debug|Any CPU
		{25ADC1C3-9A21-42DD-A54E-7B704F9294BA}.Release|Any CPU.ActiveCfg = Release|Any CPU
		{25ADC1C3-9A21-42DD-A54E-7B704F9294BA}.Release|Any CPU.Build.0 = Release|Any CPU
		{882AC397-A03A-4CE9-BAA2-3BBF8ED622C9}.Debug|Any CPU.ActiveCfg = Debug|Any CPU
		{882AC397-A03A-4CE9-BAA2-3BBF8ED622C9}.Debug|Any CPU.Build.0 = Debug|Any CPU
		{882AC397-A03A-4CE9-BAA2-3BBF8ED622C9}.Release|Any CPU.ActiveCfg = Release|Any CPU
		{882AC397-A03A-4CE9-BAA2-3BBF8ED622C9}.Release|Any CPU.Build.0 = Release|Any CPU
		{78F6264D-D898-4ADB-B04E-313E7B40952A}.Debug|Any CPU.ActiveCfg = Debug|Any CPU
		{78F6264D-D898-4ADB-B04E-313E7B40952A}.Debug|Any CPU.Build.0 = Debug|Any CPU
		{78F6264D-D898-4ADB-B04E-313E7B40952A}.Release|Any CPU.ActiveCfg = Release|Any CPU
		{78F6264D-D898-4ADB-B04E-313E7B40952A}.Release|Any CPU.Build.0 = Release|Any CPU
		{560A4CB6-1E23-4F72-8377-333109461EC2}.Debug|Any CPU.ActiveCfg = Debug|Any CPU
		{560A4CB6-1E23-4F72-8377-333109461EC2}.Debug|Any CPU.Build.0 = Debug|Any CPU
		{560A4CB6-1E23-4F72-8377-333109461EC2}.Release|Any CPU.ActiveCfg = Release|Any CPU
		{560A4CB6-1E23-4F72-8377-333109461EC2}.Release|Any CPU.Build.0 = Release|Any CPU
		{72EB35C2-2B4F-4FE5-8E99-B6B73F73012C}.Debug|Any CPU.ActiveCfg = Debug|Any CPU
		{72EB35C2-2B4F-4FE5-8E99-B6B73F73012C}.Debug|Any CPU.Build.0 = Debug|Any CPU
		{72EB35C2-2B4F-4FE5-8E99-B6B73F73012C}.Release|Any CPU.ActiveCfg = Release|Any CPU
		{72EB35C2-2B4F-4FE5-8E99-B6B73F73012C}.Release|Any CPU.Build.0 = Release|Any CPU
		{B448F313-7C90-44A9-AF5D-8632D3A0B73F}.Debug|Any CPU.ActiveCfg = Debug|Any CPU
		{B448F313-7C90-44A9-AF5D-8632D3A0B73F}.Debug|Any CPU.Build.0 = Debug|Any CPU
		{B448F313-7C90-44A9-AF5D-8632D3A0B73F}.Release|Any CPU.ActiveCfg = Release|Any CPU
		{B448F313-7C90-44A9-AF5D-8632D3A0B73F}.Release|Any CPU.Build.0 = Release|Any CPU
		{158F5BF1-3BC8-4CD3-A40C-47EC20B928A1}.Debug|Any CPU.ActiveCfg = Debug|Any CPU
		{158F5BF1-3BC8-4CD3-A40C-47EC20B928A1}.Debug|Any CPU.Build.0 = Debug|Any CPU
		{158F5BF1-3BC8-4CD3-A40C-47EC20B928A1}.Release|Any CPU.ActiveCfg = Release|Any CPU
		{158F5BF1-3BC8-4CD3-A40C-47EC20B928A1}.Release|Any CPU.Build.0 = Release|Any CPU
		{6833991F-6CC5-4618-B44B-4707FAE0240D}.Debug|Any CPU.ActiveCfg = Debug|Any CPU
		{6833991F-6CC5-4618-B44B-4707FAE0240D}.Debug|Any CPU.Build.0 = Debug|Any CPU
		{6833991F-6CC5-4618-B44B-4707FAE0240D}.Release|Any CPU.ActiveCfg = Release|Any CPU
		{6833991F-6CC5-4618-B44B-4707FAE0240D}.Release|Any CPU.Build.0 = Release|Any CPU
		{58753749-2498-4BD0-8B25-D280A42D40A5}.Debug|Any CPU.ActiveCfg = Debug|Any CPU
		{58753749-2498-4BD0-8B25-D280A42D40A5}.Debug|Any CPU.Build.0 = Debug|Any CPU
		{58753749-2498-4BD0-8B25-D280A42D40A5}.Release|Any CPU.ActiveCfg = Release|Any CPU
		{58753749-2498-4BD0-8B25-D280A42D40A5}.Release|Any CPU.Build.0 = Release|Any CPU
		{74DC0562-5D9C-48A0-9386-EB8DE42512CC}.Debug|Any CPU.ActiveCfg = Debug|Any CPU
		{74DC0562-5D9C-48A0-9386-EB8DE42512CC}.Debug|Any CPU.Build.0 = Debug|Any CPU
		{74DC0562-5D9C-48A0-9386-EB8DE42512CC}.Release|Any CPU.ActiveCfg = Release|Any CPU
		{74DC0562-5D9C-48A0-9386-EB8DE42512CC}.Release|Any CPU.Build.0 = Release|Any CPU
	EndGlobalSection
	GlobalSection(SolutionProperties) = preSolution
		HideSolutionNode = FALSE
	EndGlobalSection
EndGlobal
